
Microsoft Visual Studio Solution File, Format Version 12.00
# Visual Studio 2012
Project("{8BC9CEB8-8B4A-11D0-8D11-00A0C91BC942}") = "hmm", "hmm\hmm.vcxproj", "{74B8B1B2-A167-48BF-BCE8-962D001412BC}"
EndProject
Project("{8BC9CEB8-8B4A-11D0-8D11-00A0C91BC942}") = "functions", "functions\functions.vcxproj", "{F13841D1-1A3E-434C-BE67-84648C2F0283}"
EndProject
Global
	GlobalSection(SolutionConfigurationPlatforms) = preSolution
		Debug|Win32 = Debug|Win32
		Release|Win32 = Release|Win32
	EndGlobalSection
	GlobalSection(ProjectConfigurationPlatforms) = postSolution
		{74B8B1B2-A167-48BF-BCE8-962D001412BC}.Debug|Win32.ActiveCfg = Debug|Win32
		{74B8B1B2-A167-48BF-BCE8-962D001412BC}.Debug|Win32.Build.0 = Debug|Win32
		{74B8B1B2-A167-48BF-BCE8-962D001412BC}.Release|Win32.ActiveCfg = Release|Win32
		{74B8B1B2-A167-48BF-BCE8-962D001412BC}.Release|Win32.Build.0 = Release|Win32
		{F13841D1-1A3E-434C-BE67-84648C2F0283}.Debug|Win32.ActiveCfg = Debug|Win32
		{F13841D1-1A3E-434C-BE67-84648C2F0283}.Debug|Win32.Build.0 = Debug|Win32
		{F13841D1-1A3E-434C-BE67-84648C2F0283}.Release|Win32.ActiveCfg = Release|Win32
		{F13841D1-1A3E-434C-BE67-84648C2F0283}.Release|Win32.Build.0 = Release|Win32
	EndGlobalSection
	GlobalSection(SolutionProperties) = preSolution
		HideSolutionNode = FALSE
	EndGlobalSection
	GlobalSection(Performance) = preSolution
		HasPerformanceSessions = true
	EndGlobalSection
EndGlobal
